
Microsoft Visual Studio Solution File, Format Version 12.00
# Visual Studio 11
Project("{FAE04EC0-301F-11D3-BF4B-00C04F79EFBC}") = "ExampleWeb", "ExampleWeb\ExampleWeb.csproj", "{369B55C1-5D19-4CC9-90E7-25493018B05F}"
EndProject
Global
	GlobalSection(SolutionConfigurationPlatforms) = preSolution
		Debug|Any CPU = Debug|Any CPU
		Release|Any CPU = Release|Any CPU
	EndGlobalSection
	GlobalSection(ProjectConfigurationPlatforms) = postSolution
		{369B55C1-5D19-4CC9-90E7-25493018B05F}.Debug|Any CPU.ActiveCfg = Debug|Any CPU
		{369B55C1-5D19-4CC9-90E7-25493018B05F}.Debug|Any CPU.Build.0 = Debug|Any CPU
		{369B55C1-5D19-4CC9-90E7-25493018B05F}.Release|Any CPU.ActiveCfg = Release|Any CPU
		{369B55C1-5D19-4CC9-90E7-25493018B05F}.Release|Any CPU.Build.0 = Release|Any CPU
	EndGlobalSection
	GlobalSection(SolutionProperties) = preSolution
		HideSolutionNode = FALSE
	EndGlobalSection
EndGlobal
